// !$*UTF8*$!
{
	archiveVersion = 1;
	classes = {
	};
	objectVersion = 56;
	objects = {

/* Begin PBXBuildFile section */
		D0549F5F2A87F506003978E6 /* CryptoApp.swift in Sources */ = {isa = PBXBuildFile; fileRef = D0549F5E2A87F506003978E6 /* CryptoApp.swift */; };
		D0549F612A87F506003978E6 /* ContentView.swift in Sources */ = {isa = PBXBuildFile; fileRef = D0549F602A87F506003978E6 /* ContentView.swift */; };
		D0549F662A87F506003978E6 /* Preview Assets.xcassets in Resources */ = {isa = PBXBuildFile; fileRef = D0549F652A87F506003978E6 /* Preview Assets.xcassets */; };
		D05B99542A88A1C9001A2E1B /* NetwrokingManager.swift in Sources */ = {isa = PBXBuildFile; fileRef = D05B99532A88A1C9001A2E1B /* NetwrokingManager.swift */; };
		D05B99572A88A81A001A2E1B /* CoinImageView.swift in Sources */ = {isa = PBXBuildFile; fileRef = D05B99562A88A81A001A2E1B /* CoinImageView.swift */; };
		D05B99592A88A977001A2E1B /* CoinImageService.swift in Sources */ = {isa = PBXBuildFile; fileRef = D05B99582A88A977001A2E1B /* CoinImageService.swift */; };
		D05B995B2A88AC5B001A2E1B /* CoinImageViewModel.swift in Sources */ = {isa = PBXBuildFile; fileRef = D05B995A2A88AC5B001A2E1B /* CoinImageViewModel.swift */; };
		D05B995D2A88CBB8001A2E1B /* LocalFileManager.swift in Sources */ = {isa = PBXBuildFile; fileRef = D05B995C2A88CBB8001A2E1B /* LocalFileManager.swift */; };
		D05B995F2A88DA5F001A2E1B /* SearchBarView.swift in Sources */ = {isa = PBXBuildFile; fileRef = D05B995E2A88DA5F001A2E1B /* SearchBarView.swift */; };
		D05B99612A88E053001A2E1B /* UIApplication.swift in Sources */ = {isa = PBXBuildFile; fileRef = D05B99602A88E053001A2E1B /* UIApplication.swift */; };
		D05B99632A88F003001A2E1B /* StatisticModel.swift in Sources */ = {isa = PBXBuildFile; fileRef = D05B99622A88F003001A2E1B /* StatisticModel.swift */; };
		D05B99652A88F11D001A2E1B /* StatisticView.swift in Sources */ = {isa = PBXBuildFile; fileRef = D05B99642A88F11D001A2E1B /* StatisticView.swift */; };
		D05B99672A88F454001A2E1B /* HomeStatsView.swift in Sources */ = {isa = PBXBuildFile; fileRef = D05B99662A88F454001A2E1B /* HomeStatsView.swift */; };
		D05B99692A893253001A2E1B /* MarketDataModel.swift in Sources */ = {isa = PBXBuildFile; fileRef = D05B99682A893253001A2E1B /* MarketDataModel.swift */; };
		D05B996B2A893598001A2E1B /* MarketDataService.swift in Sources */ = {isa = PBXBuildFile; fileRef = D05B996A2A893598001A2E1B /* MarketDataService.swift */; };
		D05B996D2A8961B3001A2E1B /* PortfolioView.swift in Sources */ = {isa = PBXBuildFile; fileRef = D05B996C2A8961B3001A2E1B /* PortfolioView.swift */; };
		D05B996F2A896352001A2E1B /* XMarkButton.swift in Sources */ = {isa = PBXBuildFile; fileRef = D05B996E2A896352001A2E1B /* XMarkButton.swift */; };
		D05B99712A8964B3001A2E1B /* CoinLogoView.swift in Sources */ = {isa = PBXBuildFile; fileRef = D05B99702A8964B3001A2E1B /* CoinLogoView.swift */; };
		D08008172A87F8A0009EA3D6 /* Assets.xcassets in Resources */ = {isa = PBXBuildFile; fileRef = D08008162A87F8A0009EA3D6 /* Assets.xcassets */; };
		D080081A2A87FAA2009EA3D6 /* Color.swift in Sources */ = {isa = PBXBuildFile; fileRef = D08008192A87FAA2009EA3D6 /* Color.swift */; };
		D08008202A87FD3F009EA3D6 /* HomeView.swift in Sources */ = {isa = PBXBuildFile; fileRef = D080081F2A87FD3F009EA3D6 /* HomeView.swift */; };
		D08008242A87FE2E009EA3D6 /* CircleButtonView.swift in Sources */ = {isa = PBXBuildFile; fileRef = D08008232A87FE2E009EA3D6 /* CircleButtonView.swift */; };
		D08008262A88012F009EA3D6 /* CircleButtonAnimationView.swift in Sources */ = {isa = PBXBuildFile; fileRef = D08008252A88012F009EA3D6 /* CircleButtonAnimationView.swift */; };
		D08008292A88043B009EA3D6 /* CoinModel.swift in Sources */ = {isa = PBXBuildFile; fileRef = D08008282A88043B009EA3D6 /* CoinModel.swift */; };
		D080082B2A881C19009EA3D6 /* CoinRowView.swift in Sources */ = {isa = PBXBuildFile; fileRef = D080082A2A881C19009EA3D6 /* CoinRowView.swift */; };
		D080082D2A881C7A009EA3D6 /* PreviewProvider.swift in Sources */ = {isa = PBXBuildFile; fileRef = D080082C2A881C7A009EA3D6 /* PreviewProvider.swift */; };
		D080082F2A881FC2009EA3D6 /* Double.swift in Sources */ = {isa = PBXBuildFile; fileRef = D080082E2A881FC2009EA3D6 /* Double.swift */; };
		D08008312A882A43009EA3D6 /* HomeViewModel.swift in Sources */ = {isa = PBXBuildFile; fileRef = D08008302A882A43009EA3D6 /* HomeViewModel.swift */; };
		D08008342A8830AD009EA3D6 /* CoinDataService.swift in Sources */ = {isa = PBXBuildFile; fileRef = D08008332A8830AD009EA3D6 /* CoinDataService.swift */; };
		D09C2B0C2AA7A5BC002A1BC0 /* CoinDetailModel.swift in Sources */ = {isa = PBXBuildFile; fileRef = D09C2B0B2AA7A5BC002A1BC0 /* CoinDetailModel.swift */; };
		D09C2B0E2AA7A8B3002A1BC0 /* DetailViewModel.swift in Sources */ = {isa = PBXBuildFile; fileRef = D09C2B0D2AA7A8B3002A1BC0 /* DetailViewModel.swift */; };
		D09C2B102AA7A8E0002A1BC0 /* CoinDetailDataService.swift in Sources */ = {isa = PBXBuildFile; fileRef = D09C2B0F2AA7A8E0002A1BC0 /* CoinDetailDataService.swift */; };
		D0B7EA672A8D4CAA000B4402 /* PortfolioContainer.xcdatamodeld in Sources */ = {isa = PBXBuildFile; fileRef = D0B7EA652A8D4CAA000B4402 /* PortfolioContainer.xcdatamodeld */; };
		D0B7EA692A8D4D43000B4402 /* PortfolioDataService.swift in Sources */ = {isa = PBXBuildFile; fileRef = D0B7EA682A8D4D43000B4402 /* PortfolioDataService.swift */; };
		D0B7EA6B2A8EA4F8000B4402 /* HapticManager.swift in Sources */ = {isa = PBXBuildFile; fileRef = D0B7EA6A2A8EA4F8000B4402 /* HapticManager.swift */; };
		D0B7EA702A8EC5F7000B4402 /* DetailView.swift in Sources */ = {isa = PBXBuildFile; fileRef = D0B7EA6F2A8EC5F7000B4402 /* DetailView.swift */; };
/* End PBXBuildFile section */

/* Begin PBXFileReference section */
		D0549F5B2A87F506003978E6 /* Crypto.app */ = {isa = PBXFileReference; explicitFileType = wrapper.application; includeInIndex = 0; path = Crypto.app; sourceTree = BUILT_PRODUCTS_DIR; };
		D0549F5E2A87F506003978E6 /* CryptoApp.swift */ = {isa = PBXFileReference; lastKnownFileType = sourcecode.swift; path = CryptoApp.swift; sourceTree = "<group>"; };
		D0549F602A87F506003978E6 /* ContentView.swift */ = {isa = PBXFileReference; lastKnownFileType = sourcecode.swift; path = ContentView.swift; sourceTree = "<group>"; };
		D0549F652A87F506003978E6 /* Preview Assets.xcassets */ = {isa = PBXFileReference; lastKnownFileType = folder.assetcatalog; path = "Preview Assets.xcassets"; sourceTree = "<group>"; };
		D05B99532A88A1C9001A2E1B /* NetwrokingManager.swift */ = {isa = PBXFileReference; lastKnownFileType = sourcecode.swift; path = NetwrokingManager.swift; sourceTree = "<group>"; };
		D05B99562A88A81A001A2E1B /* CoinImageView.swift */ = {isa = PBXFileReference; lastKnownFileType = sourcecode.swift; path = CoinImageView.swift; sourceTree = "<group>"; };
		D05B99582A88A977001A2E1B /* CoinImageService.swift */ = {isa = PBXFileReference; lastKnownFileType = sourcecode.swift; path = CoinImageService.swift; sourceTree = "<group>"; };
		D05B995A2A88AC5B001A2E1B /* CoinImageViewModel.swift */ = {isa = PBXFileReference; lastKnownFileType = sourcecode.swift; path = CoinImageViewModel.swift; sourceTree = "<group>"; };
		D05B995C2A88CBB8001A2E1B /* LocalFileManager.swift */ = {isa = PBXFileReference; lastKnownFileType = sourcecode.swift; path = LocalFileManager.swift; sourceTree = "<group>"; };
		D05B995E2A88DA5F001A2E1B /* SearchBarView.swift */ = {isa = PBXFileReference; lastKnownFileType = sourcecode.swift; path = SearchBarView.swift; sourceTree = "<group>"; };
		D05B99602A88E053001A2E1B /* UIApplication.swift */ = {isa = PBXFileReference; lastKnownFileType = sourcecode.swift; path = UIApplication.swift; sourceTree = "<group>"; };
		D05B99622A88F003001A2E1B /* StatisticModel.swift */ = {isa = PBXFileReference; lastKnownFileType = sourcecode.swift; path = StatisticModel.swift; sourceTree = "<group>"; };
		D05B99642A88F11D001A2E1B /* StatisticView.swift */ = {isa = PBXFileReference; lastKnownFileType = sourcecode.swift; path = StatisticView.swift; sourceTree = "<group>"; };
		D05B99662A88F454001A2E1B /* HomeStatsView.swift */ = {isa = PBXFileReference; lastKnownFileType = sourcecode.swift; path = HomeStatsView.swift; sourceTree = "<group>"; };
		D05B99682A893253001A2E1B /* MarketDataModel.swift */ = {isa = PBXFileReference; lastKnownFileType = sourcecode.swift; path = MarketDataModel.swift; sourceTree = "<group>"; };
		D05B996A2A893598001A2E1B /* MarketDataService.swift */ = {isa = PBXFileReference; lastKnownFileType = sourcecode.swift; path = MarketDataService.swift; sourceTree = "<group>"; };
		D05B996C2A8961B3001A2E1B /* PortfolioView.swift */ = {isa = PBXFileReference; lastKnownFileType = sourcecode.swift; path = PortfolioView.swift; sourceTree = "<group>"; };
		D05B996E2A896352001A2E1B /* XMarkButton.swift */ = {isa = PBXFileReference; lastKnownFileType = sourcecode.swift; path = XMarkButton.swift; sourceTree = "<group>"; };
		D05B99702A8964B3001A2E1B /* CoinLogoView.swift */ = {isa = PBXFileReference; lastKnownFileType = sourcecode.swift; path = CoinLogoView.swift; sourceTree = "<group>"; };
		D08008162A87F8A0009EA3D6 /* Assets.xcassets */ = {isa = PBXFileReference; lastKnownFileType = folder.assetcatalog; name = Assets.xcassets; path = ../../Resources/Assets.xcassets; sourceTree = "<group>"; };
		D08008192A87FAA2009EA3D6 /* Color.swift */ = {isa = PBXFileReference; lastKnownFileType = sourcecode.swift; path = Color.swift; sourceTree = "<group>"; };
		D080081F2A87FD3F009EA3D6 /* HomeView.swift */ = {isa = PBXFileReference; lastKnownFileType = sourcecode.swift; path = HomeView.swift; sourceTree = "<group>"; };
		D08008232A87FE2E009EA3D6 /* CircleButtonView.swift */ = {isa = PBXFileReference; lastKnownFileType = sourcecode.swift; path = CircleButtonView.swift; sourceTree = "<group>"; };
		D08008252A88012F009EA3D6 /* CircleButtonAnimationView.swift */ = {isa = PBXFileReference; lastKnownFileType = sourcecode.swift; path = CircleButtonAnimationView.swift; sourceTree = "<group>"; };
		D08008282A88043B009EA3D6 /* CoinModel.swift */ = {isa = PBXFileReference; lastKnownFileType = sourcecode.swift; path = CoinModel.swift; sourceTree = "<group>"; };
		D080082A2A881C19009EA3D6 /* CoinRowView.swift */ = {isa = PBXFileReference; lastKnownFileType = sourcecode.swift; path = CoinRowView.swift; sourceTree = "<group>"; };
		D080082C2A881C7A009EA3D6 /* PreviewProvider.swift */ = {isa = PBXFileReference; lastKnownFileType = sourcecode.swift; path = PreviewProvider.swift; sourceTree = "<group>"; };
		D080082E2A881FC2009EA3D6 /* Double.swift */ = {isa = PBXFileReference; lastKnownFileType = sourcecode.swift; path = Double.swift; sourceTree = "<group>"; };
		D08008302A882A43009EA3D6 /* HomeViewModel.swift */ = {isa = PBXFileReference; lastKnownFileType = sourcecode.swift; path = HomeViewModel.swift; sourceTree = "<group>"; };
		D08008332A8830AD009EA3D6 /* CoinDataService.swift */ = {isa = PBXFileReference; lastKnownFileType = sourcecode.swift; path = CoinDataService.swift; sourceTree = "<group>"; };
		D09C2B0B2AA7A5BC002A1BC0 /* CoinDetailModel.swift */ = {isa = PBXFileReference; lastKnownFileType = sourcecode.swift; path = CoinDetailModel.swift; sourceTree = "<group>"; };
		D09C2B0D2AA7A8B3002A1BC0 /* DetailViewModel.swift */ = {isa = PBXFileReference; lastKnownFileType = sourcecode.swift; path = DetailViewModel.swift; sourceTree = "<group>"; };
		D09C2B0F2AA7A8E0002A1BC0 /* CoinDetailDataService.swift */ = {isa = PBXFileReference; lastKnownFileType = sourcecode.swift; path = CoinDetailDataService.swift; sourceTree = "<group>"; };
		D0B7EA662A8D4CAA000B4402 /* PortfolioContainer.xcdatamodel */ = {isa = PBXFileReference; lastKnownFileType = wrapper.xcdatamodel; path = PortfolioContainer.xcdatamodel; sourceTree = "<group>"; };
		D0B7EA682A8D4D43000B4402 /* PortfolioDataService.swift */ = {isa = PBXFileReference; lastKnownFileType = sourcecode.swift; path = PortfolioDataService.swift; sourceTree = "<group>"; };
		D0B7EA6A2A8EA4F8000B4402 /* HapticManager.swift */ = {isa = PBXFileReference; lastKnownFileType = sourcecode.swift; path = HapticManager.swift; sourceTree = "<group>"; };
		D0B7EA6F2A8EC5F7000B4402 /* DetailView.swift */ = {isa = PBXFileReference; lastKnownFileType = sourcecode.swift; path = DetailView.swift; sourceTree = "<group>"; };
/* End PBXFileReference section */

/* Begin PBXFrameworksBuildPhase section */
		D0549F582A87F506003978E6 /* Frameworks */ = {
			isa = PBXFrameworksBuildPhase;
			buildActionMask = 2147483647;
			files = (
			);
			runOnlyForDeploymentPostprocessing = 0;
		};
/* End PBXFrameworksBuildPhase section */

/* Begin PBXGroup section */
		D0549F522A87F506003978E6 = {
			isa = PBXGroup;
			children = (
				D0549F5D2A87F506003978E6 /* Crypto */,
				D0549F5C2A87F506003978E6 /* Products */,
			);
			sourceTree = "<group>";
		};
		D0549F5C2A87F506003978E6 /* Products */ = {
			isa = PBXGroup;
			children = (
				D0549F5B2A87F506003978E6 /* Crypto.app */,
			);
			name = Products;
			sourceTree = "<group>";
		};
		D0549F5D2A87F506003978E6 /* Crypto */ = {
			isa = PBXGroup;
			children = (
				D0549F5E2A87F506003978E6 /* CryptoApp.swift */,
				D05B99522A88A196001A2E1B /* Utilities */,
				D08008182A87FA87009EA3D6 /* Extension */,
				D08008322A883084009EA3D6 /* Services */,
				D08008272A88041D009EA3D6 /* Models */,
				D080081B2A87FCF6009EA3D6 /* Core */,
				D0549F602A87F506003978E6 /* ContentView.swift */,
				D08008162A87F8A0009EA3D6 /* Assets.xcassets */,
				D0549F642A87F506003978E6 /* Preview Content */,
			);
			path = Crypto;
			sourceTree = "<group>";
		};
		D0549F642A87F506003978E6 /* Preview Content */ = {
			isa = PBXGroup;
			children = (
				D0549F652A87F506003978E6 /* Preview Assets.xcassets */,
			);
			path = "Preview Content";
			sourceTree = "<group>";
		};
		D05B99522A88A196001A2E1B /* Utilities */ = {
			isa = PBXGroup;
			children = (
				D05B99532A88A1C9001A2E1B /* NetwrokingManager.swift */,
				D05B995C2A88CBB8001A2E1B /* LocalFileManager.swift */,
				D0B7EA6A2A8EA4F8000B4402 /* HapticManager.swift */,
			);
			path = Utilities;
			sourceTree = "<group>";
		};
		D05B99552A88A802001A2E1B /* CoinImage */ = {
			isa = PBXGroup;
			children = (
				D05B99562A88A81A001A2E1B /* CoinImageView.swift */,
				D05B995A2A88AC5B001A2E1B /* CoinImageViewModel.swift */,
				D05B99702A8964B3001A2E1B /* CoinLogoView.swift */,
			);
			path = CoinImage;
			sourceTree = "<group>";
		};
		D08008182A87FA87009EA3D6 /* Extension */ = {
			isa = PBXGroup;
			children = (
				D08008192A87FAA2009EA3D6 /* Color.swift */,
				D080082C2A881C7A009EA3D6 /* PreviewProvider.swift */,
				D080082E2A881FC2009EA3D6 /* Double.swift */,
				D05B99602A88E053001A2E1B /* UIApplication.swift */,
			);
			path = Extension;
			sourceTree = "<group>";
		};
		D080081B2A87FCF6009EA3D6 /* Core */ = {
			isa = PBXGroup;
			children = (
				D08008212A87FDFD009EA3D6 /* Components */,
				D080081C2A87FD1B009EA3D6 /* Home */,
				D0B7EA6C2A8EC5C0000B4402 /* Detail */,
			);
			path = Core;
			sourceTree = "<group>";
		};
		D080081C2A87FD1B009EA3D6 /* Home */ = {
			isa = PBXGroup;
			children = (
				D080081E2A87FD2F009EA3D6 /* ViewModels */,
				D080081D2A87FD27009EA3D6 /* Views */,
			);
			path = Home;
			sourceTree = "<group>";
		};
		D080081D2A87FD27009EA3D6 /* Views */ = {
			isa = PBXGroup;
			children = (
				D080081F2A87FD3F009EA3D6 /* HomeView.swift */,
				D080082A2A881C19009EA3D6 /* CoinRowView.swift */,
				D05B99662A88F454001A2E1B /* HomeStatsView.swift */,
				D05B996C2A8961B3001A2E1B /* PortfolioView.swift */,
			);
			path = Views;
			sourceTree = "<group>";
		};
		D080081E2A87FD2F009EA3D6 /* ViewModels */ = {
			isa = PBXGroup;
			children = (
				D08008302A882A43009EA3D6 /* HomeViewModel.swift */,
			);
			path = ViewModels;
			sourceTree = "<group>";
		};
		D08008212A87FDFD009EA3D6 /* Components */ = {
			isa = PBXGroup;
			children = (
				D05B99552A88A802001A2E1B /* CoinImage */,
				D08008222A87FE1B009EA3D6 /* CircleButton */,
				D05B995E2A88DA5F001A2E1B /* SearchBarView.swift */,
				D05B99642A88F11D001A2E1B /* StatisticView.swift */,
				D05B996E2A896352001A2E1B /* XMarkButton.swift */,
			);
			path = Components;
			sourceTree = "<group>";
		};
		D08008222A87FE1B009EA3D6 /* CircleButton */ = {
			isa = PBXGroup;
			children = (
				D08008232A87FE2E009EA3D6 /* CircleButtonView.swift */,
				D08008252A88012F009EA3D6 /* CircleButtonAnimationView.swift */,
			);
			path = CircleButton;
			sourceTree = "<group>";
		};
		D08008272A88041D009EA3D6 /* Models */ = {
			isa = PBXGroup;
			children = (
				D08008282A88043B009EA3D6 /* CoinModel.swift */,
				D09C2B0B2AA7A5BC002A1BC0 /* CoinDetailModel.swift */,
				D05B99622A88F003001A2E1B /* StatisticModel.swift */,
				D05B99682A893253001A2E1B /* MarketDataModel.swift */,
				D0B7EA652A8D4CAA000B4402 /* PortfolioContainer.xcdatamodeld */,
			);
			path = Models;
			sourceTree = "<group>";
		};
		D08008322A883084009EA3D6 /* Services */ = {
			isa = PBXGroup;
			children = (
				D08008332A8830AD009EA3D6 /* CoinDataService.swift */,
				D09C2B0F2AA7A8E0002A1BC0 /* CoinDetailDataService.swift */,
				D05B99582A88A977001A2E1B /* CoinImageService.swift */,
				D05B996A2A893598001A2E1B /* MarketDataService.swift */,
				D0B7EA682A8D4D43000B4402 /* PortfolioDataService.swift */,
			);
			path = Services;
			sourceTree = "<group>";
		};
		D0B7EA6C2A8EC5C0000B4402 /* Detail */ = {
			isa = PBXGroup;
			children = (
				D0B7EA6D2A8EC5DF000B4402 /* ViewModels */,
				D0B7EA6E2A8EC5E6000B4402 /* Views */,
			);
			path = Detail;
			sourceTree = "<group>";
		};
		D0B7EA6D2A8EC5DF000B4402 /* ViewModels */ = {
			isa = PBXGroup;
			children = (
				D09C2B0D2AA7A8B3002A1BC0 /* DetailViewModel.swift */,
			);
			path = ViewModels;
			sourceTree = "<group>";
		};
		D0B7EA6E2A8EC5E6000B4402 /* Views */ = {
			isa = PBXGroup;
			children = (
				D0B7EA6F2A8EC5F7000B4402 /* DetailView.swift */,
			);
			path = Views;
			sourceTree = "<group>";
		};
/* End PBXGroup section */

/* Begin PBXNativeTarget section */
		D0549F5A2A87F506003978E6 /* Crypto */ = {
			isa = PBXNativeTarget;
			buildConfigurationList = D0549F692A87F506003978E6 /* Build configuration list for PBXNativeTarget "Crypto" */;
			buildPhases = (
				D0549F572A87F506003978E6 /* Sources */,
				D0549F582A87F506003978E6 /* Frameworks */,
				D0549F592A87F506003978E6 /* Resources */,
			);
			buildRules = (
			);
			dependencies = (
			);
			name = Crypto;
			productName = Crypto;
			productReference = D0549F5B2A87F506003978E6 /* Crypto.app */;
			productType = "com.apple.product-type.application";
		};
/* End PBXNativeTarget section */

/* Begin PBXProject section */
		D0549F532A87F506003978E6 /* Project object */ = {
			isa = PBXProject;
			attributes = {
				BuildIndependentTargetsInParallel = 1;
				LastSwiftUpdateCheck = 1430;
				LastUpgradeCheck = 1430;
				TargetAttributes = {
					D0549F5A2A87F506003978E6 = {
						CreatedOnToolsVersion = 14.3.1;
					};
				};
			};
			buildConfigurationList = D0549F562A87F506003978E6 /* Build configuration list for PBXProject "Crypto" */;
			compatibilityVersion = "Xcode 14.0";
			developmentRegion = en;
			hasScannedForEncodings = 0;
			knownRegions = (
				en,
				Base,
			);
			mainGroup = D0549F522A87F506003978E6;
			productRefGroup = D0549F5C2A87F506003978E6 /* Products */;
			projectDirPath = "";
			projectRoot = "";
			targets = (
				D0549F5A2A87F506003978E6 /* Crypto */,
			);
		};
/* End PBXProject section */

/* Begin PBXResourcesBuildPhase section */
		D0549F592A87F506003978E6 /* Resources */ = {
			isa = PBXResourcesBuildPhase;
			buildActionMask = 2147483647;
			files = (
				D0549F662A87F506003978E6 /* Preview Assets.xcassets in Resources */,
				D08008172A87F8A0009EA3D6 /* Assets.xcassets in Resources */,
			);
			runOnlyForDeploymentPostprocessing = 0;
		};
/* End PBXResourcesBuildPhase section */

/* Begin PBXSourcesBuildPhase section */
		D0549F572A87F506003978E6 /* Sources */ = {
			isa = PBXSourcesBuildPhase;
			buildActionMask = 2147483647;
			files = (
				D0B7EA672A8D4CAA000B4402 /* PortfolioContainer.xcdatamodeld in Sources */,
				D05B99632A88F003001A2E1B /* StatisticModel.swift in Sources */,
				D08008342A8830AD009EA3D6 /* CoinDataService.swift in Sources */,
				D080082B2A881C19009EA3D6 /* CoinRowView.swift in Sources */,
				D05B996F2A896352001A2E1B /* XMarkButton.swift in Sources */,
				D08008312A882A43009EA3D6 /* HomeViewModel.swift in Sources */,
				D0549F612A87F506003978E6 /* ContentView.swift in Sources */,
				D05B995D2A88CBB8001A2E1B /* LocalFileManager.swift in Sources */,
				D05B99692A893253001A2E1B /* MarketDataModel.swift in Sources */,
				D08008202A87FD3F009EA3D6 /* HomeView.swift in Sources */,
				D05B99652A88F11D001A2E1B /* StatisticView.swift in Sources */,
				D05B99572A88A81A001A2E1B /* CoinImageView.swift in Sources */,
				D0549F5F2A87F506003978E6 /* CryptoApp.swift in Sources */,
				D05B99612A88E053001A2E1B /* UIApplication.swift in Sources */,
				D08008242A87FE2E009EA3D6 /* CircleButtonView.swift in Sources */,
				D080081A2A87FAA2009EA3D6 /* Color.swift in Sources */,
				D0B7EA702A8EC5F7000B4402 /* DetailView.swift in Sources */,
				D0B7EA6B2A8EA4F8000B4402 /* HapticManager.swift in Sources */,
				D05B995F2A88DA5F001A2E1B /* SearchBarView.swift in Sources */,
				D08008262A88012F009EA3D6 /* CircleButtonAnimationView.swift in Sources */,
				D05B99712A8964B3001A2E1B /* CoinLogoView.swift in Sources */,
				D05B99672A88F454001A2E1B /* HomeStatsView.swift in Sources */,
				D05B996B2A893598001A2E1B /* MarketDataService.swift in Sources */,
				D080082D2A881C7A009EA3D6 /* PreviewProvider.swift in Sources */,
				D05B995B2A88AC5B001A2E1B /* CoinImageViewModel.swift in Sources */,
				D080082F2A881FC2009EA3D6 /* Double.swift in Sources */,
				D05B996D2A8961B3001A2E1B /* PortfolioView.swift in Sources */,
				D08008292A88043B009EA3D6 /* CoinModel.swift in Sources */,
				D05B99592A88A977001A2E1B /* CoinImageService.swift in Sources */,
				D09C2B0C2AA7A5BC002A1BC0 /* CoinDetailModel.swift in Sources */,
				D05B99542A88A1C9001A2E1B /* NetwrokingManager.swift in Sources */,
				D09C2B102AA7A8E0002A1BC0 /* CoinDetailDataService.swift in Sources */,
				D09C2B0E2AA7A8B3002A1BC0 /* DetailViewModel.swift in Sources */,
				D0B7EA692A8D4D43000B4402 /* PortfolioDataService.swift in Sources */,
			);
			runOnlyForDeploymentPostprocessing = 0;
		};
/* End PBXSourcesBuildPhase section */

/* Begin XCBuildConfiguration section */
		D0549F672A87F506003978E6 /* Debug */ = {
			isa = XCBuildConfiguration;
			buildSettings = {
				ALWAYS_SEARCH_USER_PATHS = NO;
				CLANG_ANALYZER_NONNULL = YES;
				CLANG_ANALYZER_NUMBER_OBJECT_CONVERSION = YES_AGGRESSIVE;
				CLANG_CXX_LANGUAGE_STANDARD = "gnu++20";
				CLANG_ENABLE_MODULES = YES;
				CLANG_ENABLE_OBJC_ARC = YES;
				CLANG_ENABLE_OBJC_WEAK = YES;
				CLANG_WARN_BLOCK_CAPTURE_AUTORELEASING = YES;
				CLANG_WARN_BOOL_CONVERSION = YES;
				CLANG_WARN_COMMA = YES;
				CLANG_WARN_CONSTANT_CONVERSION = YES;
				CLANG_WARN_DEPRECATED_OBJC_IMPLEMENTATIONS = YES;
				CLANG_WARN_DIRECT_OBJC_ISA_USAGE = YES_ERROR;
				CLANG_WARN_DOCUMENTATION_COMMENTS = YES;
				CLANG_WARN_EMPTY_BODY = YES;
				CLANG_WARN_ENUM_CONVERSION = YES;
				CLANG_WARN_INFINITE_RECURSION = YES;
				CLANG_WARN_INT_CONVERSION = YES;
				CLANG_WARN_NON_LITERAL_NULL_CONVERSION = YES;
				CLANG_WARN_OBJC_IMPLICIT_RETAIN_SELF = YES;
				CLANG_WARN_OBJC_LITERAL_CONVERSION = YES;
				CLANG_WARN_OBJC_ROOT_CLASS = YES_ERROR;
				CLANG_WARN_QUOTED_INCLUDE_IN_FRAMEWORK_HEADER = YES;
				CLANG_WARN_RANGE_LOOP_ANALYSIS = YES;
				CLANG_WARN_STRICT_PROTOTYPES = YES;
				CLANG_WARN_SUSPICIOUS_MOVE = YES;
				CLANG_WARN_UNGUARDED_AVAILABILITY = YES_AGGRESSIVE;
				CLANG_WARN_UNREACHABLE_CODE = YES;
				CLANG_WARN__DUPLICATE_METHOD_MATCH = YES;
				COPY_PHASE_STRIP = NO;
				DEBUG_INFORMATION_FORMAT = dwarf;
				ENABLE_STRICT_OBJC_MSGSEND = YES;
				ENABLE_TESTABILITY = YES;
				GCC_C_LANGUAGE_STANDARD = gnu11;
				GCC_DYNAMIC_NO_PIC = NO;
				GCC_NO_COMMON_BLOCKS = YES;
				GCC_OPTIMIZATION_LEVEL = 0;
				GCC_PREPROCESSOR_DEFINITIONS = (
					"DEBUG=1",
					"$(inherited)",
				);
				GCC_WARN_64_TO_32_BIT_CONVERSION = YES;
				GCC_WARN_ABOUT_RETURN_TYPE = YES_ERROR;
				GCC_WARN_UNDECLARED_SELECTOR = YES;
				GCC_WARN_UNINITIALIZED_AUTOS = YES_AGGRESSIVE;
				GCC_WARN_UNUSED_FUNCTION = YES;
				GCC_WARN_UNUSED_VARIABLE = YES;
				IPHONEOS_DEPLOYMENT_TARGET = 16.4;
				MTL_ENABLE_DEBUG_INFO = INCLUDE_SOURCE;
				MTL_FAST_MATH = YES;
				ONLY_ACTIVE_ARCH = YES;
				SDKROOT = iphoneos;
				SWIFT_ACTIVE_COMPILATION_CONDITIONS = DEBUG;
				SWIFT_OPTIMIZATION_LEVEL = "-Onone";
			};
			name = Debug;
		};
		D0549F682A87F506003978E6 /* Release */ = {
			isa = XCBuildConfiguration;
			buildSettings = {
				ALWAYS_SEARCH_USER_PATHS = NO;
				CLANG_ANALYZER_NONNULL = YES;
				CLANG_ANALYZER_NUMBER_OBJECT_CONVERSION = YES_AGGRESSIVE;
				CLANG_CXX_LANGUAGE_STANDARD = "gnu++20";
				CLANG_ENABLE_MODULES = YES;
				CLANG_ENABLE_OBJC_ARC = YES;
				CLANG_ENABLE_OBJC_WEAK = YES;
				CLANG_WARN_BLOCK_CAPTURE_AUTORELEASING = YES;
				CLANG_WARN_BOOL_CONVERSION = YES;
				CLANG_WARN_COMMA = YES;
				CLANG_WARN_CONSTANT_CONVERSION = YES;
				CLANG_WARN_DEPRECATED_OBJC_IMPLEMENTATIONS = YES;
				CLANG_WARN_DIRECT_OBJC_ISA_USAGE = YES_ERROR;
				CLANG_WARN_DOCUMENTATION_COMMENTS = YES;
				CLANG_WARN_EMPTY_BODY = YES;
				CLANG_WARN_ENUM_CONVERSION = YES;
				CLANG_WARN_INFINITE_RECURSION = YES;
				CLANG_WARN_INT_CONVERSION = YES;
				CLANG_WARN_NON_LITERAL_NULL_CONVERSION = YES;
				CLANG_WARN_OBJC_IMPLICIT_RETAIN_SELF = YES;
				CLANG_WARN_OBJC_LITERAL_CONVERSION = YES;
				CLANG_WARN_OBJC_ROOT_CLASS = YES_ERROR;
				CLANG_WARN_QUOTED_INCLUDE_IN_FRAMEWORK_HEADER = YES;
				CLANG_WARN_RANGE_LOOP_ANALYSIS = YES;
				CLANG_WARN_STRICT_PROTOTYPES = YES;
				CLANG_WARN_SUSPICIOUS_MOVE = YES;
				CLANG_WARN_UNGUARDED_AVAILABILITY = YES_AGGRESSIVE;
				CLANG_WARN_UNREACHABLE_CODE = YES;
				CLANG_WARN__DUPLICATE_METHOD_MATCH = YES;
				COPY_PHASE_STRIP = NO;
				DEBUG_INFORMATION_FORMAT = "dwarf-with-dsym";
				ENABLE_NS_ASSERTIONS = NO;
				ENABLE_STRICT_OBJC_MSGSEND = YES;
				GCC_C_LANGUAGE_STANDARD = gnu11;
				GCC_NO_COMMON_BLOCKS = YES;
				GCC_WARN_64_TO_32_BIT_CONVERSION = YES;
				GCC_WARN_ABOUT_RETURN_TYPE = YES_ERROR;
				GCC_WARN_UNDECLARED_SELECTOR = YES;
				GCC_WARN_UNINITIALIZED_AUTOS = YES_AGGRESSIVE;
				GCC_WARN_UNUSED_FUNCTION = YES;
				GCC_WARN_UNUSED_VARIABLE = YES;
				IPHONEOS_DEPLOYMENT_TARGET = 16.4;
				MTL_ENABLE_DEBUG_INFO = NO;
				MTL_FAST_MATH = YES;
				SDKROOT = iphoneos;
				SWIFT_COMPILATION_MODE = wholemodule;
				SWIFT_OPTIMIZATION_LEVEL = "-O";
				VALIDATE_PRODUCT = YES;
			};
			name = Release;
		};
		D0549F6A2A87F506003978E6 /* Debug */ = {
			isa = XCBuildConfiguration;
			buildSettings = {
				ASSETCATALOG_COMPILER_APPICON_NAME = AppIcon;
				ASSETCATALOG_COMPILER_GLOBAL_ACCENT_COLOR_NAME = AccentColor;
				CODE_SIGN_STYLE = Automatic;
				CURRENT_PROJECT_VERSION = 1;
				DEVELOPMENT_ASSET_PATHS = "\"Crypto/Preview Content\"";
				DEVELOPMENT_TEAM = JRSAMZW6G9;
				ENABLE_PREVIEWS = YES;
				GENERATE_INFOPLIST_FILE = YES;
				INFOPLIST_KEY_CFBundleDisplayName = "Crypto Tracker";
				INFOPLIST_KEY_UIApplicationSceneManifest_Generation = YES;
				INFOPLIST_KEY_UIApplicationSupportsIndirectInputEvents = YES;
				INFOPLIST_KEY_UILaunchScreen_Generation = YES;
				INFOPLIST_KEY_UISupportedInterfaceOrientations = UIInterfaceOrientationPortrait;
				IPHONEOS_DEPLOYMENT_TARGET = 16.0;
				LD_RUNPATH_SEARCH_PATHS = (
					"$(inherited)",
					"@executable_path/Frameworks",
				);
				MARKETING_VERSION = 1.0;
				PRODUCT_BUNDLE_IDENTIFIER = com.pavlobezkorovainyi.Crypto;
				PRODUCT_NAME = "$(TARGET_NAME)";
				SWIFT_EMIT_LOC_STRINGS = YES;
				SWIFT_VERSION = 5.0;
				TARGETED_DEVICE_FAMILY = "1,2";
			};
			name = Debug;
		};
		D0549F6B2A87F506003978E6 /* Release */ = {
			isa = XCBuildConfiguration;
			buildSettings = {
				ASSETCATALOG_COMPILER_APPICON_NAME = AppIcon;
				ASSETCATALOG_COMPILER_GLOBAL_ACCENT_COLOR_NAME = AccentColor;
				CODE_SIGN_STYLE = Automatic;
				CURRENT_PROJECT_VERSION = 1;
				DEVELOPMENT_ASSET_PATHS = "\"Crypto/Preview Content\"";
				DEVELOPMENT_TEAM = JRSAMZW6G9;
				ENABLE_PREVIEWS = YES;
				GENERATE_INFOPLIST_FILE = YES;
				INFOPLIST_KEY_CFBundleDisplayName = "Crypto Tracker";
				INFOPLIST_KEY_UIApplicationSceneManifest_Generation = YES;
				INFOPLIST_KEY_UIApplicationSupportsIndirectInputEvents = YES;
				INFOPLIST_KEY_UILaunchScreen_Generation = YES;
				INFOPLIST_KEY_UISupportedInterfaceOrientations = UIInterfaceOrientationPortrait;
				IPHONEOS_DEPLOYMENT_TARGET = 16.0;
				LD_RUNPATH_SEARCH_PATHS = (
					"$(inherited)",
					"@executable_path/Frameworks",
				);
				MARKETING_VERSION = 1.0;
				PRODUCT_BUNDLE_IDENTIFIER = com.pavlobezkorovainyi.Crypto;
				PRODUCT_NAME = "$(TARGET_NAME)";
				SWIFT_EMIT_LOC_STRINGS = YES;
				SWIFT_VERSION = 5.0;
				TARGETED_DEVICE_FAMILY = "1,2";
			};
			name = Release;
		};
/* End XCBuildConfiguration section */

/* Begin XCConfigurationList section */
		D0549F562A87F506003978E6 /* Build configuration list for PBXProject "Crypto" */ = {
			isa = XCConfigurationList;
			buildConfigurations = (
				D0549F672A87F506003978E6 /* Debug */,
				D0549F682A87F506003978E6 /* Release */,
			);
			defaultConfigurationIsVisible = 0;
			defaultConfigurationName = Release;
		};
		D0549F692A87F506003978E6 /* Build configuration list for PBXNativeTarget "Crypto" */ = {
			isa = XCConfigurationList;
			buildConfigurations = (
				D0549F6A2A87F506003978E6 /* Debug */,
				D0549F6B2A87F506003978E6 /* Release */,
			);
			defaultConfigurationIsVisible = 0;
			defaultConfigurationName = Release;
		};
/* End XCConfigurationList section */

/* Begin XCVersionGroup section */
		D0B7EA652A8D4CAA000B4402 /* PortfolioContainer.xcdatamodeld */ = {
			isa = XCVersionGroup;
			children = (
				D0B7EA662A8D4CAA000B4402 /* PortfolioContainer.xcdatamodel */,
			);
			currentVersion = D0B7EA662A8D4CAA000B4402 /* PortfolioContainer.xcdatamodel */;
			path = PortfolioContainer.xcdatamodeld;
			sourceTree = "<group>";
			versionGroupType = wrapper.xcdatamodel;
		};
/* End XCVersionGroup section */
	};
	rootObject = D0549F532A87F506003978E6 /* Project object */;
}
